
Microsoft Visual Studio Solution File, Format Version 12.00
# Visual Studio Version 17
VisualStudioVersion = 17.9.34728.123
MinimumVisualStudioVersion = 10.0.40219.1
Project("{9A19103F-16F7-4668-BE54-9A1E7A4F7556}") = "snail_exo_obn_OO", "snail_exo_obn\snail_exo_obn_OO.csproj", "{308CFBE2-BE58-4C46-90EC-64D60DD8A55E}"
EndProject
Global
	GlobalSection(SolutionConfigurationPlatforms) = preSolution
		Debug|Any CPU = Debug|Any CPU
		Release|Any CPU = Release|Any CPU
	EndGlobalSection
	GlobalSection(ProjectConfigurationPlatforms) = postSolution
		{308CFBE2-BE58-4C46-90EC-64D60DD8A55E}.Debug|Any CPU.ActiveCfg = Debug|Any CPU
		{308CFBE2-BE58-4C46-90EC-64D60DD8A55E}.Debug|Any CPU.Build.0 = Debug|Any CPU
		{308CFBE2-BE58-4C46-90EC-64D60DD8A55E}.Release|Any CPU.ActiveCfg = Release|Any CPU
		{308CFBE2-BE58-4C46-90EC-64D60DD8A55E}.Release|Any CPU.Build.0 = Release|Any CPU
	EndGlobalSection
	GlobalSection(SolutionProperties) = preSolution
		HideSolutionNode = FALSE
	EndGlobalSection
	GlobalSection(ExtensibilityGlobals) = postSolution
		SolutionGuid = {5FC70BC0-D471-4099-A105-1C335E0003BD}
	EndGlobalSection
EndGlobal
